
Microsoft Visual Studio Solution File, Format Version 12.00
# Visual Studio 15
VisualStudioVersion = 15.0.28307.1738
MinimumVisualStudioVersion = 10.0.40219.1
Project("{FAE04EC0-301F-11D3-BF4B-00C04F79EFBC}") = "DependencyInjectionLibrary", "DependencyInjectionLibrary.csproj", "{67261C8E-0C3D-432C-977B-83F7031085C7}"
EndProject
Global
	GlobalSection(SolutionConfigurationPlatforms) = preSolution
		Debug|Any CPU = Debug|Any CPU
		Release|Any CPU = Release|Any CPU
	EndGlobalSection
	GlobalSection(ProjectConfigurationPlatforms) = postSolution
		{67261C8E-0C3D-432C-977B-83F7031085C7}.Debug|Any CPU.ActiveCfg = Debug|Any CPU
		{67261C8E-0C3D-432C-977B-83F7031085C7}.Debug|Any CPU.Build.0 = Debug|Any CPU
		{67261C8E-0C3D-432C-977B-83F7031085C7}.Release|Any CPU.ActiveCfg = Release|Any CPU
		{67261C8E-0C3D-432C-977B-83F7031085C7}.Release|Any CPU.Build.0 = Release|Any CPU
	EndGlobalSection
	GlobalSection(SolutionProperties) = preSolution
		HideSolutionNode = FALSE
	EndGlobalSection
	GlobalSection(ExtensibilityGlobals) = postSolution
		SolutionGuid = {41C678F1-4AC8-46A7-8CA5-6121C6A20E0F}
	EndGlobalSection
EndGlobal
